<?xml version="1.0" encoding="utf-8"?>
<Project ToolsVersion="4.0" xmlns="http://schemas.microsoft.com/developer/msbuild/2003">
  <ItemGroup>
    <Filter Include="源文件">
      <UniqueIdentifier>{4FC737F1-C7A5-4376-A066-2A32D752A2FF}</UniqueIdentifier>
      <Extensions>cpp;c;cc;cxx;c++;cppm;ixx;def;odl;idl;hpj;bat;asm;asmx</Extensions>
    </Filter>
    <Filter Include="头文件">
      <UniqueIdentifier>{93995380-89BD-4b04-88EB-625FBE52EBFB}</UniqueIdentifier>
      <Extensions>h;hh;hpp;hxx;h++;hm;inl;inc;ipp;xsd</Extensions>
    </Filter>
    <Filter Include="资源文件">
      <UniqueIdentifier>{67DA6AB6-F800-4c08-8B7A-83BB121AAD01}</UniqueIdentifier>
      <Extensions>rc;ico;cur;bmp;dlg;rc2;rct;bin;rgs;gif;jpg;jpeg;jpe;resx;tiff;tif;png;wav;mfcribbon-ms</Extensions>
    </Filter>
    <Filter Include="头文件\http">
      <UniqueIdentifier>{b97eba8c-23fb-4b9f-91f5-901291eae33b}</UniqueIdentifier>
    </Filter>
    <Filter Include="源文件\http">
      <UniqueIdentifier>{b026e79a-3f7c-4e95-aaee-a35ed1d7a4d6}</UniqueIdentifier>
    </Filter>
    <Filter Include="源文件\test">
      <UniqueIdentifier>{395af760-cd49-4e58-9f7d-689079ba646d}</UniqueIdentifier>
    </Filter>
    <Filter Include="头文件\server">
      <UniqueIdentifier>{40137959-1577-4c2e-a168-351775e3ab69}</UniqueIdentifier>
    </Filter>
    <Filter Include="源文件\server">
      <UniqueIdentifier>{4a903a78-0bda-47ae-84b0-3c6b433b4b68}</UniqueIdentifier>
    </Filter>
  </ItemGroup>
  <ItemGroup>
    <ClCompile Include="log.cpp">
      <Filter>源文件</Filter>
    </ClCompile>
    <ClCompile Include="utils.cpp">
      <Filter>源文件</Filter>
    </ClCompile>
    <ClCompile Include="config.cpp">
      <Filter>源文件</Filter>
    </ClCompile>
    <ClCompile Include="multithread.cpp">
      <Filter>源文件</Filter>
    </ClCompile>
    <ClCompile Include="fiber.cpp">
      <Filter>源文件</Filter>
    </ClCompile>
    <ClCompile Include="scheduler.cpp">
      <Filter>源文件</Filter>
    </ClCompile>
    <ClCompile Include="iomanager.cpp">
      <Filter>源文件</Filter>
    </ClCompile>
    <ClCompile Include="timer.cpp">
      <Filter>源文件</Filter>
    </ClCompile>
    <ClCompile Include="hook.cpp">
      <Filter>源文件</Filter>
    </ClCompile>
    <ClCompile Include="fdmanager.cpp">
      <Filter>源文件</Filter>
    </ClCompile>
    <ClCompile Include="ipaddress.cpp">
      <Filter>源文件</Filter>
    </ClCompile>
    <ClCompile Include="socket.cpp">
      <Filter>源文件</Filter>
    </ClCompile>
    <ClCompile Include="bytearray.cpp">
      <Filter>源文件</Filter>
    </ClCompile>
    <ClCompile Include="http.cpp">
      <Filter>源文件\http</Filter>
    </ClCompile>
    <ClCompile Include="test_address.cpp">
      <Filter>源文件\test</Filter>
    </ClCompile>
    <ClCompile Include="test_hook.cpp">
      <Filter>源文件\test</Filter>
    </ClCompile>
    <ClCompile Include="test_socket.cpp">
      <Filter>源文件\test</Filter>
    </ClCompile>
    <ClCompile Include="test_bytearray.cpp">
      <Filter>源文件\test</Filter>
    </ClCompile>
    <ClCompile Include="test_config.cpp">
      <Filter>源文件\test</Filter>
    </ClCompile>
    <ClCompile Include="test_iomanager.cpp">
      <Filter>源文件\test</Filter>
    </ClCompile>
    <ClCompile Include="test_log.cpp">
      <Filter>源文件\test</Filter>
    </ClCompile>
    <ClCompile Include="test_multithread.cpp">
      <Filter>源文件\test</Filter>
    </ClCompile>
    <ClCompile Include="test_scheduler.cpp">
      <Filter>源文件\test</Filter>
    </ClCompile>
    <ClCompile Include="test_http.cpp">
      <Filter>源文件\test</Filter>
    </ClCompile>
    <ClCompile Include="httprespond_parser.c">
      <Filter>源文件\http</Filter>
    </ClCompile>
    <ClCompile Include="httprequest_parser.c">
      <Filter>源文件\http</Filter>
    </ClCompile>
    <ClCompile Include="http_parser.cpp">
      <Filter>源文件\http</Filter>
    </ClCompile>
    <ClCompile Include="test_parser.cpp">
      <Filter>源文件\test</Filter>
    </ClCompile>
    <ClCompile Include="tcpserver.cpp">
      <Filter>源文件\server</Filter>
    </ClCompile>
    <ClCompile Include="test_tcpserver.cpp">
      <Filter>源文件\test</Filter>
    </ClCompile>
    <ClCompile Include="echo_server.cpp">
      <Filter>源文件\server</Filter>
    </ClCompile>
    <ClCompile Include="stream.cpp">
      <Filter>源文件\http</Filter>
    </ClCompile>
    <ClCompile Include="session.cpp">
      <Filter>源文件\http</Filter>
    </ClCompile>
    <ClCompile Include="httpserver.cpp">
      <Filter>源文件\server</Filter>
    </ClCompile>
    <ClCompile Include="test_httpserver.cpp">
      <Filter>源文件\test</Filter>
    </ClCompile>
    <ClCompile Include="servlet.cpp">
      <Filter>源文件\http</Filter>
    </ClCompile>
    <ClCompile Include="connection.cpp">
      <Filter>源文件\http</Filter>
    </ClCompile>
    <ClCompile Include="test_httpconnectioncpp.cpp">
      <Filter>源文件\test</Filter>
    </ClCompile>
    <ClCompile Include="test_uri.cpp">
      <Filter>源文件\test</Filter>
    </ClCompile>
  </ItemGroup>
  <ItemGroup>
    <ClInclude Include="log.h">
      <Filter>头文件</Filter>
    </ClInclude>
    <ClInclude Include="utils.h">
      <Filter>头文件</Filter>
    </ClInclude>
    <ClInclude Include="singleton.h">
      <Filter>头文件</Filter>
    </ClInclude>
    <ClInclude Include="config.h">
      <Filter>头文件</Filter>
    </ClInclude>
    <ClInclude Include="multithread.h">
      <Filter>头文件</Filter>
    </ClInclude>
    <ClInclude Include="macro.h">
      <Filter>头文件</Filter>
    </ClInclude>
    <ClInclude Include="fiber.h">
      <Filter>头文件</Filter>
    </ClInclude>
    <ClInclude Include="scheduler.h">
      <Filter>头文件</Filter>
    </ClInclude>
    <ClInclude Include="iomanager.h">
      <Filter>头文件</Filter>
    </ClInclude>
    <ClInclude Include="timer.h">
      <Filter>头文件</Filter>
    </ClInclude>
    <ClInclude Include="hook.h">
      <Filter>头文件</Filter>
    </ClInclude>
    <ClInclude Include="noncopyable.h">
      <Filter>头文件</Filter>
    </ClInclude>
    <ClInclude Include="fdmanager.h">
      <Filter>头文件</Filter>
    </ClInclude>
    <ClInclude Include="ipaddress.h">
      <Filter>头文件</Filter>
    </ClInclude>
    <ClInclude Include="endian.h">
      <Filter>头文件</Filter>
    </ClInclude>
    <ClInclude Include="socket.h">
      <Filter>头文件</Filter>
    </ClInclude>
    <ClInclude Include="bytearray.h">
      <Filter>头文件</Filter>
    </ClInclude>
    <ClInclude Include="http.h">
      <Filter>头文件\http</Filter>
    </ClInclude>
    <ClInclude Include="http_common.h">
      <Filter>头文件\http</Filter>
    </ClInclude>
    <ClInclude Include="httprequest_parser.h">
      <Filter>头文件\http</Filter>
    </ClInclude>
    <ClInclude Include="httprespond_parser.h">
      <Filter>头文件\http</Filter>
    </ClInclude>
    <ClInclude Include="http_parser.h">
      <Filter>头文件\http</Filter>
    </ClInclude>
    <ClInclude Include="tcpserver.h">
      <Filter>头文件\server</Filter>
    </ClInclude>
    <ClInclude Include="stream.h">
      <Filter>头文件\http</Filter>
    </ClInclude>
    <ClInclude Include="session.h">
      <Filter>头文件\http</Filter>
    </ClInclude>
    <ClInclude Include="httpserver.h">
      <Filter>头文件\server</Filter>
    </ClInclude>
    <ClInclude Include="servlet.h">
      <Filter>头文件\http</Filter>
    </ClInclude>
    <ClInclude Include="connection.h">
      <Filter>头文件\http</Filter>
    </ClInclude>
    <ClInclude Include="uri.h">
      <Filter>头文件\http</Filter>
    </ClInclude>
  </ItemGroup>
  <ItemGroup>
    <Text Include="CMakeList.txt">
      <Filter>资源文件</Filter>
    </Text>
    <Text Include="httprequest_parser.rl">
      <Filter>源文件\http</Filter>
    </Text>
  </ItemGroup>
  <ItemGroup>
    <None Include="log.yml">
      <Filter>资源文件</Filter>
    </None>
    <None Include="httprespond_parser.rl">
      <Filter>源文件\http</Filter>
    </None>
    <None Include="uri.rl">
      <Filter>源文件\http</Filter>
    </None>
  </ItemGroup>
</Project>