
Microsoft Visual Studio Solution File, Format Version 12.00
# Visual Studio Version 17
VisualStudioVersion = 17.13.35828.75 d17.13
MinimumVisualStudioVersion = 10.0.40219.1
Project("{8BC9CEB8-8B4A-11D0-8D11-00A0C91BC942}") = "CppServerFramework", "CppServerFramework.vcxproj", "{5F276A11-B9A9-4B6D-AE14-71D0D601C644}"
EndProject
Global
	GlobalSection(SolutionConfigurationPlatforms) = preSolution
		Debug|x64 = Debug|x64
		Debug|x86 = Debug|x86
		Release|x64 = Release|x64
		Release|x86 = Release|x86
	EndGlobalSection
	GlobalSection(ProjectConfigurationPlatforms) = postSolution
		{5F276A11-B9A9-4B6D-AE14-71D0D601C644}.Debug|x64.ActiveCfg = Debug|x64
		{5F276A11-B9A9-4B6D-AE14-71D0D601C644}.Debug|x64.Build.0 = Debug|x64
		{5F276A11-B9A9-4B6D-AE14-71D0D601C644}.Debug|x86.ActiveCfg = Debug|Win32
		{5F276A11-B9A9-4B6D-AE14-71D0D601C644}.Debug|x86.Build.0 = Debug|Win32
		{5F276A11-B9A9-4B6D-AE14-71D0D601C644}.Release|x64.ActiveCfg = Release|x64
		{5F276A11-B9A9-4B6D-AE14-71D0D601C644}.Release|x64.Build.0 = Release|x64
		{5F276A11-B9A9-4B6D-AE14-71D0D601C644}.Release|x86.ActiveCfg = Release|Win32
		{5F276A11-B9A9-4B6D-AE14-71D0D601C644}.Release|x86.Build.0 = Release|Win32
	EndGlobalSection
	GlobalSection(SolutionProperties) = preSolution
		HideSolutionNode = FALSE
	EndGlobalSection
	GlobalSection(ExtensibilityGlobals) = postSolution
		SolutionGuid = {C6B8FEC7-2E97-4E8D-9386-B2F046AEF47C}
	EndGlobalSection
EndGlobal
